// !$*UTF8*$!
{
	archiveVersion = 1;
	classes = {
	};
	objectVersion = 55;
	objects = {

/* Begin PBXBuildFile section */
		3F795A4327CCF09E00D3D734 /* Recipes.swift in Sources */ = {isa = PBXBuildFile; fileRef = 3F9058F527B39FC3004B5FA6 /* Recipes.swift */; };
		3F795A4527CCF5C600D3D734 /* DetailRecipeIC.swift in Sources */ = {isa = PBXBuildFile; fileRef = 3F795A4427CCF5C600D3D734 /* DetailRecipeIC.swift */; };
		3F795A4727CCFB9400D3D734 /* RecipeDescriptionIC.swift in Sources */ = {isa = PBXBuildFile; fileRef = 3F795A4627CCFB9400D3D734 /* RecipeDescriptionIC.swift */; };
		3F9058CB27B39A46004B5FA6 /* CookBookKononova WatchKit App.app in Embed Watch Content */ = {isa = PBXBuildFile; fileRef = 3F9058CA27B39A46004B5FA6 /* CookBookKononova WatchKit App.app */; settings = {ATTRIBUTES = (RemoveHeadersOnCopy, ); }; };
		3F9058D127B39A46004B5FA6 /* Interface.storyboard in Resources */ = {isa = PBXBuildFile; fileRef = 3F9058CF27B39A46004B5FA6 /* Interface.storyboard */; };
		3F9058D327B39A48004B5FA6 /* Assets.xcassets in Resources */ = {isa = PBXBuildFile; fileRef = 3F9058D227B39A48004B5FA6 /* Assets.xcassets */; };
		3F9058D927B39A48004B5FA6 /* CookBookKononova WatchKit Extension.appex in Embed App Extensions */ = {isa = PBXBuildFile; fileRef = 3F9058D827B39A48004B5FA6 /* CookBookKononova WatchKit Extension.appex */; settings = {ATTRIBUTES = (RemoveHeadersOnCopy, ); }; };
		3F9058DE27B39A48004B5FA6 /* TableRecipesIC.swift in Sources */ = {isa = PBXBuildFile; fileRef = 3F9058DD27B39A48004B5FA6 /* TableRecipesIC.swift */; };
		3F9058E027B39A48004B5FA6 /* ExtensionDelegate.swift in Sources */ = {isa = PBXBuildFile; fileRef = 3F9058DF27B39A48004B5FA6 /* ExtensionDelegate.swift */; };
		3F9058E227B39A48004B5FA6 /* ComplicationController.swift in Sources */ = {isa = PBXBuildFile; fileRef = 3F9058E127B39A48004B5FA6 /* ComplicationController.swift */; };
		3F9058E427B39A49004B5FA6 /* Assets.xcassets in Resources */ = {isa = PBXBuildFile; fileRef = 3F9058E327B39A49004B5FA6 /* Assets.xcassets */; };
		3F9058F427B39EB4004B5FA6 /* RowTable.swift in Sources */ = {isa = PBXBuildFile; fileRef = 3F9058F327B39EB4004B5FA6 /* RowTable.swift */; };
/* End PBXBuildFile section */

/* Begin PBXContainerItemProxy section */
		3F9058CC27B39A46004B5FA6 /* PBXContainerItemProxy */ = {
			isa = PBXContainerItemProxy;
			containerPortal = 3F9058C027B39A46004B5FA6 /* Project object */;
			proxyType = 1;
			remoteGlobalIDString = 3F9058C927B39A46004B5FA6;
			remoteInfo = "CookBookKononova WatchKit App";
		};
		3F9058DA27B39A48004B5FA6 /* PBXContainerItemProxy */ = {
			isa = PBXContainerItemProxy;
			containerPortal = 3F9058C027B39A46004B5FA6 /* Project object */;
			proxyType = 1;
			remoteGlobalIDString = 3F9058D727B39A48004B5FA6;
			remoteInfo = "CookBookKononova WatchKit Extension";
		};
/* End PBXContainerItemProxy section */

/* Begin PBXCopyFilesBuildPhase section */
		3F9058EB27B39A49004B5FA6 /* Embed App Extensions */ = {
			isa = PBXCopyFilesBuildPhase;
			buildActionMask = 2147483647;
			dstPath = "";
			dstSubfolderSpec = 13;
			files = (
				3F9058D927B39A48004B5FA6 /* CookBookKononova WatchKit Extension.appex in Embed App Extensions */,
			);
			name = "Embed App Extensions";
			runOnlyForDeploymentPostprocessing = 0;
		};
		3F9058EF27B39A49004B5FA6 /* Embed Watch Content */ = {
			isa = PBXCopyFilesBuildPhase;
			buildActionMask = 2147483647;
			dstPath = "$(CONTENTS_FOLDER_PATH)/Watch";
			dstSubfolderSpec = 16;
			files = (
				3F9058CB27B39A46004B5FA6 /* CookBookKononova WatchKit App.app in Embed Watch Content */,
			);
			name = "Embed Watch Content";
			runOnlyForDeploymentPostprocessing = 0;
		};
/* End PBXCopyFilesBuildPhase section */

/* Begin PBXFileReference section */
		3F795A4427CCF5C600D3D734 /* DetailRecipeIC.swift */ = {isa = PBXFileReference; lastKnownFileType = sourcecode.swift; path = DetailRecipeIC.swift; sourceTree = "<group>"; };
		3F795A4627CCFB9400D3D734 /* RecipeDescriptionIC.swift */ = {isa = PBXFileReference; lastKnownFileType = sourcecode.swift; path = RecipeDescriptionIC.swift; sourceTree = "<group>"; };
		3F9058C627B39A46004B5FA6 /* CookBookKononova.app */ = {isa = PBXFileReference; explicitFileType = wrapper.application; includeInIndex = 0; path = CookBookKononova.app; sourceTree = BUILT_PRODUCTS_DIR; };
		3F9058CA27B39A46004B5FA6 /* CookBookKononova WatchKit App.app */ = {isa = PBXFileReference; explicitFileType = wrapper.application; includeInIndex = 0; path = "CookBookKononova WatchKit App.app"; sourceTree = BUILT_PRODUCTS_DIR; };
		3F9058D027B39A46004B5FA6 /* Base */ = {isa = PBXFileReference; lastKnownFileType = file.storyboard; name = Base; path = Base.lproj/Interface.storyboard; sourceTree = "<group>"; };
		3F9058D227B39A48004B5FA6 /* Assets.xcassets */ = {isa = PBXFileReference; lastKnownFileType = folder.assetcatalog; path = Assets.xcassets; sourceTree = "<group>"; };
		3F9058D827B39A48004B5FA6 /* CookBookKononova WatchKit Extension.appex */ = {isa = PBXFileReference; explicitFileType = "wrapper.app-extension"; includeInIndex = 0; path = "CookBookKononova WatchKit Extension.appex"; sourceTree = BUILT_PRODUCTS_DIR; };
		3F9058DD27B39A48004B5FA6 /* TableRecipesIC.swift */ = {isa = PBXFileReference; lastKnownFileType = sourcecode.swift; path = TableRecipesIC.swift; sourceTree = "<group>"; };
		3F9058DF27B39A48004B5FA6 /* ExtensionDelegate.swift */ = {isa = PBXFileReference; lastKnownFileType = sourcecode.swift; path = ExtensionDelegate.swift; sourceTree = "<group>"; };
		3F9058E127B39A48004B5FA6 /* ComplicationController.swift */ = {isa = PBXFileReference; lastKnownFileType = sourcecode.swift; path = ComplicationController.swift; sourceTree = "<group>"; };
		3F9058E327B39A49004B5FA6 /* Assets.xcassets */ = {isa = PBXFileReference; lastKnownFileType = folder.assetcatalog; path = Assets.xcassets; sourceTree = "<group>"; };
		3F9058E527B39A49004B5FA6 /* Info.plist */ = {isa = PBXFileReference; lastKnownFileType = text.plist.xml; path = Info.plist; sourceTree = "<group>"; };
		3F9058F327B39EB4004B5FA6 /* RowTable.swift */ = {isa = PBXFileReference; lastKnownFileType = sourcecode.swift; path = RowTable.swift; sourceTree = "<group>"; };
		3F9058F527B39FC3004B5FA6 /* Recipes.swift */ = {isa = PBXFileReference; lastKnownFileType = sourcecode.swift; path = Recipes.swift; sourceTree = "<group>"; };
/* End PBXFileReference section */

/* Begin PBXFrameworksBuildPhase section */
		3F9058D527B39A48004B5FA6 /* Frameworks */ = {
			isa = PBXFrameworksBuildPhase;
			buildActionMask = 2147483647;
			files = (
			);
			runOnlyForDeploymentPostprocessing = 0;
		};
/* End PBXFrameworksBuildPhase section */

/* Begin PBXGroup section */
		3F9058BF27B39A46004B5FA6 = {
			isa = PBXGroup;
			children = (
				3F9058CE27B39A46004B5FA6 /* CookBookKononova WatchKit App */,
				3F9058DC27B39A48004B5FA6 /* CookBookKononova WatchKit Extension */,
				3F9058C727B39A46004B5FA6 /* Products */,
			);
			sourceTree = "<group>";
		};
		3F9058C727B39A46004B5FA6 /* Products */ = {
			isa = PBXGroup;
			children = (
				3F9058C627B39A46004B5FA6 /* CookBookKononova.app */,
				3F9058CA27B39A46004B5FA6 /* CookBookKononova WatchKit App.app */,
				3F9058D827B39A48004B5FA6 /* CookBookKononova WatchKit Extension.appex */,
			);
			name = Products;
			sourceTree = "<group>";
		};
		3F9058CE27B39A46004B5FA6 /* CookBookKononova WatchKit App */ = {
			isa = PBXGroup;
			children = (
				3F9058CF27B39A46004B5FA6 /* Interface.storyboard */,
				3F795A4627CCFB9400D3D734 /* RecipeDescriptionIC.swift */,
				3F795A4427CCF5C600D3D734 /* DetailRecipeIC.swift */,
				3F9058F527B39FC3004B5FA6 /* Recipes.swift */,
				3F9058D227B39A48004B5FA6 /* Assets.xcassets */,
			);
			path = "CookBookKononova WatchKit App";
			sourceTree = "<group>";
		};
		3F9058DC27B39A48004B5FA6 /* CookBookKononova WatchKit Extension */ = {
			isa = PBXGroup;
			children = (
				3F9058DD27B39A48004B5FA6 /* TableRecipesIC.swift */,
				3F9058F327B39EB4004B5FA6 /* RowTable.swift */,
				3F9058DF27B39A48004B5FA6 /* ExtensionDelegate.swift */,
				3F9058E127B39A48004B5FA6 /* ComplicationController.swift */,
				3F9058E327B39A49004B5FA6 /* Assets.xcassets */,
				3F9058E527B39A49004B5FA6 /* Info.plist */,
			);
			path = "CookBookKononova WatchKit Extension";
			sourceTree = "<group>";
		};
/* End PBXGroup section */

/* Begin PBXNativeTarget section */
		3F9058C527B39A46004B5FA6 /* CookBookKononova */ = {
			isa = PBXNativeTarget;
			buildConfigurationList = 3F9058F027B39A49004B5FA6 /* Build configuration list for PBXNativeTarget "CookBookKononova" */;
			buildPhases = (
				3F9058C427B39A46004B5FA6 /* Resources */,
				3F9058EF27B39A49004B5FA6 /* Embed Watch Content */,
			);
			buildRules = (
			);
			dependencies = (
				3F9058CD27B39A46004B5FA6 /* PBXTargetDependency */,
			);
			name = CookBookKononova;
			productName = CookBookKononova;
			productReference = 3F9058C627B39A46004B5FA6 /* CookBookKononova.app */;
			productType = "com.apple.product-type.application.watchapp2-container";
		};
		3F9058C927B39A46004B5FA6 /* CookBookKononova WatchKit App */ = {
			isa = PBXNativeTarget;
			buildConfigurationList = 3F9058EC27B39A49004B5FA6 /* Build configuration list for PBXNativeTarget "CookBookKononova WatchKit App" */;
			buildPhases = (
				3F9058C827B39A46004B5FA6 /* Resources */,
				3F9058EB27B39A49004B5FA6 /* Embed App Extensions */,
			);
			buildRules = (
			);
			dependencies = (
				3F9058DB27B39A48004B5FA6 /* PBXTargetDependency */,
			);
			name = "CookBookKononova WatchKit App";
			productName = "CookBookKononova WatchKit App";
			productReference = 3F9058CA27B39A46004B5FA6 /* CookBookKononova WatchKit App.app */;
			productType = "com.apple.product-type.application.watchapp2";
		};
		3F9058D727B39A48004B5FA6 /* CookBookKononova WatchKit Extension */ = {
			isa = PBXNativeTarget;
			buildConfigurationList = 3F9058E827B39A49004B5FA6 /* Build configuration list for PBXNativeTarget "CookBookKononova WatchKit Extension" */;
			buildPhases = (
				3F9058D427B39A48004B5FA6 /* Sources */,
				3F9058D527B39A48004B5FA6 /* Frameworks */,
				3F9058D627B39A48004B5FA6 /* Resources */,
			);
			buildRules = (
			);
			dependencies = (
			);
			name = "CookBookKononova WatchKit Extension";
			productName = "CookBookKononova WatchKit Extension";
			productReference = 3F9058D827B39A48004B5FA6 /* CookBookKononova WatchKit Extension.appex */;
			productType = "com.apple.product-type.watchkit2-extension";
		};
/* End PBXNativeTarget section */

/* Begin PBXProject section */
		3F9058C027B39A46004B5FA6 /* Project object */ = {
			isa = PBXProject;
			attributes = {
				BuildIndependentTargetsInParallel = 1;
				LastSwiftUpdateCheck = 1310;
				LastUpgradeCheck = 1310;
				TargetAttributes = {
					3F9058C527B39A46004B5FA6 = {
						CreatedOnToolsVersion = 13.1;
					};
					3F9058C927B39A46004B5FA6 = {
						CreatedOnToolsVersion = 13.1;
					};
					3F9058D727B39A48004B5FA6 = {
						CreatedOnToolsVersion = 13.1;
					};
				};
			};
			buildConfigurationList = 3F9058C327B39A46004B5FA6 /* Build configuration list for PBXProject "CookBookKononova" */;
			compatibilityVersion = "Xcode 13.0";
			developmentRegion = en;
			hasScannedForEncodings = 0;
			knownRegions = (
				en,
				Base,
			);
			mainGroup = 3F9058BF27B39A46004B5FA6;
			productRefGroup = 3F9058C727B39A46004B5FA6 /* Products */;
			projectDirPath = "";
			projectRoot = "";
			targets = (
				3F9058C527B39A46004B5FA6 /* CookBookKononova */,
				3F9058C927B39A46004B5FA6 /* CookBookKononova WatchKit App */,
				3F9058D727B39A48004B5FA6 /* CookBookKononova WatchKit Extension */,
			);
		};
/* End PBXProject section */

/* Begin PBXResourcesBuildPhase section */
		3F9058C427B39A46004B5FA6 /* Resources */ = {
			isa = PBXResourcesBuildPhase;
			buildActionMask = 2147483647;
			files = (
			);
			runOnlyForDeploymentPostprocessing = 0;
		};
		3F9058C827B39A46004B5FA6 /* Resources */ = {
			isa = PBXResourcesBuildPhase;
			buildActionMask = 2147483647;
			files = (
				3F9058D327B39A48004B5FA6 /* Assets.xcassets in Resources */,
				3F9058D127B39A46004B5FA6 /* Interface.storyboard in Resources */,
			);
			runOnlyForDeploymentPostprocessing = 0;
		};
		3F9058D627B39A48004B5FA6 /* Resources */ = {
			isa = PBXResourcesBuildPhase;
			buildActionMask = 2147483647;
			files = (
				3F9058E427B39A49004B5FA6 /* Assets.xcassets in Resources */,
			);
			runOnlyForDeploymentPostprocessing = 0;
		};
/* End PBXResourcesBuildPhase section */

/* Begin PBXSourcesBuildPhase section */
		3F9058D427B39A48004B5FA6 /* Sources */ = {
			isa = PBXSourcesBuildPhase;
			buildActionMask = 2147483647;
			files = (
				3F795A4527CCF5C600D3D734 /* DetailRecipeIC.swift in Sources */,
				3F795A4327CCF09E00D3D734 /* Recipes.swift in Sources */,
				3F795A4727CCFB9400D3D734 /* RecipeDescriptionIC.swift in Sources */,
				3F9058E027B39A48004B5FA6 /* ExtensionDelegate.swift in Sources */,
				3F9058F427B39EB4004B5FA6 /* RowTable.swift in Sources */,
				3F9058DE27B39A48004B5FA6 /* TableRecipesIC.swift in Sources */,
				3F9058E227B39A48004B5FA6 /* ComplicationController.swift in Sources */,
			);
			runOnlyForDeploymentPostprocessing = 0;
		};
/* End PBXSourcesBuildPhase section */

/* Begin PBXTargetDependency section */
		3F9058CD27B39A46004B5FA6 /* PBXTargetDependency */ = {
			isa = PBXTargetDependency;
			target = 3F9058C927B39A46004B5FA6 /* CookBookKononova WatchKit App */;
			targetProxy = 3F9058CC27B39A46004B5FA6 /* PBXContainerItemProxy */;
		};
		3F9058DB27B39A48004B5FA6 /* PBXTargetDependency */ = {
			isa = PBXTargetDependency;
			target = 3F9058D727B39A48004B5FA6 /* CookBookKononova WatchKit Extension */;
			targetProxy = 3F9058DA27B39A48004B5FA6 /* PBXContainerItemProxy */;
		};
/* End PBXTargetDependency section */

/* Begin PBXVariantGroup section */
		3F9058CF27B39A46004B5FA6 /* Interface.storyboard */ = {
			isa = PBXVariantGroup;
			children = (
				3F9058D027B39A46004B5FA6 /* Base */,
			);
			name = Interface.storyboard;
			sourceTree = "<group>";
		};
/* End PBXVariantGroup section */

/* Begin XCBuildConfiguration section */
		3F9058E627B39A49004B5FA6 /* Debug */ = {
			isa = XCBuildConfiguration;
			buildSettings = {
				ALWAYS_SEARCH_USER_PATHS = NO;
				CLANG_ANALYZER_NONNULL = YES;
				CLANG_ANALYZER_NUMBER_OBJECT_CONVERSION = YES_AGGRESSIVE;
				CLANG_CXX_LANGUAGE_STANDARD = "gnu++17";
				CLANG_CXX_LIBRARY = "libc++";
				CLANG_ENABLE_MODULES = YES;
				CLANG_ENABLE_OBJC_ARC = YES;
				CLANG_ENABLE_OBJC_WEAK = YES;
				CLANG_WARN_BLOCK_CAPTURE_AUTORELEASING = YES;
				CLANG_WARN_BOOL_CONVERSION = YES;
				CLANG_WARN_COMMA = YES;
				CLANG_WARN_CONSTANT_CONVERSION = YES;
				CLANG_WARN_DEPRECATED_OBJC_IMPLEMENTATIONS = YES;
				CLANG_WARN_DIRECT_OBJC_ISA_USAGE = YES_ERROR;
				CLANG_WARN_DOCUMENTATION_COMMENTS = YES;
				CLANG_WARN_EMPTY_BODY = YES;
				CLANG_WARN_ENUM_CONVERSION = YES;
				CLANG_WARN_INFINITE_RECURSION = YES;
				CLANG_WARN_INT_CONVERSION = YES;
				CLANG_WARN_NON_LITERAL_NULL_CONVERSION = YES;
				CLANG_WARN_OBJC_IMPLICIT_RETAIN_SELF = YES;
				CLANG_WARN_OBJC_LITERAL_CONVERSION = YES;
				CLANG_WARN_OBJC_ROOT_CLASS = YES_ERROR;
				CLANG_WARN_QUOTED_INCLUDE_IN_FRAMEWORK_HEADER = YES;
				CLANG_WARN_RANGE_LOOP_ANALYSIS = YES;
				CLANG_WARN_STRICT_PROTOTYPES = YES;
				CLANG_WARN_SUSPICIOUS_MOVE = YES;
				CLANG_WARN_UNGUARDED_AVAILABILITY = YES_AGGRESSIVE;
				CLANG_WARN_UNREACHABLE_CODE = YES;
				CLANG_WARN__DUPLICATE_METHOD_MATCH = YES;
				COPY_PHASE_STRIP = NO;
				DEBUG_INFORMATION_FORMAT = dwarf;
				ENABLE_STRICT_OBJC_MSGSEND = YES;
				ENABLE_TESTABILITY = YES;
				GCC_C_LANGUAGE_STANDARD = gnu11;
				GCC_DYNAMIC_NO_PIC = NO;
				GCC_NO_COMMON_BLOCKS = YES;
				GCC_OPTIMIZATION_LEVEL = 0;
				GCC_PREPROCESSOR_DEFINITIONS = (
					"DEBUG=1",
					"$(inherited)",
				);
				GCC_WARN_64_TO_32_BIT_CONVERSION = YES;
				GCC_WARN_ABOUT_RETURN_TYPE = YES_ERROR;
				GCC_WARN_UNDECLARED_SELECTOR = YES;
				GCC_WARN_UNINITIALIZED_AUTOS = YES_AGGRESSIVE;
				GCC_WARN_UNUSED_FUNCTION = YES;
				GCC_WARN_UNUSED_VARIABLE = YES;
				MTL_ENABLE_DEBUG_INFO = INCLUDE_SOURCE;
				MTL_FAST_MATH = YES;
				ONLY_ACTIVE_ARCH = YES;
				SDKROOT = iphoneos;
				SWIFT_ACTIVE_COMPILATION_CONDITIONS = DEBUG;
				SWIFT_OPTIMIZATION_LEVEL = "-Onone";
			};
			name = Debug;
		};
		3F9058E727B39A49004B5FA6 /* Release */ = {
			isa = XCBuildConfiguration;
			buildSettings = {
				ALWAYS_SEARCH_USER_PATHS = NO;
				CLANG_ANALYZER_NONNULL = YES;
				CLANG_ANALYZER_NUMBER_OBJECT_CONVERSION = YES_AGGRESSIVE;
				CLANG_CXX_LANGUAGE_STANDARD = "gnu++17";
				CLANG_CXX_LIBRARY = "libc++";
				CLANG_ENABLE_MODULES = YES;
				CLANG_ENABLE_OBJC_ARC = YES;
				CLANG_ENABLE_OBJC_WEAK = YES;
				CLANG_WARN_BLOCK_CAPTURE_AUTORELEASING = YES;
				CLANG_WARN_BOOL_CONVERSION = YES;
				CLANG_WARN_COMMA = YES;
				CLANG_WARN_CONSTANT_CONVERSION = YES;
				CLANG_WARN_DEPRECATED_OBJC_IMPLEMENTATIONS = YES;
				CLANG_WARN_DIRECT_OBJC_ISA_USAGE = YES_ERROR;
				CLANG_WARN_DOCUMENTATION_COMMENTS = YES;
				CLANG_WARN_EMPTY_BODY = YES;
				CLANG_WARN_ENUM_CONVERSION = YES;
				CLANG_WARN_INFINITE_RECURSION = YES;
				CLANG_WARN_INT_CONVERSION = YES;
				CLANG_WARN_NON_LITERAL_NULL_CONVERSION = YES;
				CLANG_WARN_OBJC_IMPLICIT_RETAIN_SELF = YES;
				CLANG_WARN_OBJC_LITERAL_CONVERSION = YES;
				CLANG_WARN_OBJC_ROOT_CLASS = YES_ERROR;
				CLANG_WARN_QUOTED_INCLUDE_IN_FRAMEWORK_HEADER = YES;
				CLANG_WARN_RANGE_LOOP_ANALYSIS = YES;
				CLANG_WARN_STRICT_PROTOTYPES = YES;
				CLANG_WARN_SUSPICIOUS_MOVE = YES;
				CLANG_WARN_UNGUARDED_AVAILABILITY = YES_AGGRESSIVE;
				CLANG_WARN_UNREACHABLE_CODE = YES;
				CLANG_WARN__DUPLICATE_METHOD_MATCH = YES;
				COPY_PHASE_STRIP = NO;
				DEBUG_INFORMATION_FORMAT = "dwarf-with-dsym";
				ENABLE_NS_ASSERTIONS = NO;
				ENABLE_STRICT_OBJC_MSGSEND = YES;
				GCC_C_LANGUAGE_STANDARD = gnu11;
				GCC_NO_COMMON_BLOCKS = YES;
				GCC_WARN_64_TO_32_BIT_CONVERSION = YES;
				GCC_WARN_ABOUT_RETURN_TYPE = YES_ERROR;
				GCC_WARN_UNDECLARED_SELECTOR = YES;
				GCC_WARN_UNINITIALIZED_AUTOS = YES_AGGRESSIVE;
				GCC_WARN_UNUSED_FUNCTION = YES;
				GCC_WARN_UNUSED_VARIABLE = YES;
				MTL_ENABLE_DEBUG_INFO = NO;
				MTL_FAST_MATH = YES;
				SDKROOT = iphoneos;
				SWIFT_COMPILATION_MODE = wholemodule;
				SWIFT_OPTIMIZATION_LEVEL = "-O";
				VALIDATE_PRODUCT = YES;
			};
			name = Release;
		};
		3F9058E927B39A49004B5FA6 /* Debug */ = {
			isa = XCBuildConfiguration;
			buildSettings = {
				ASSETCATALOG_COMPILER_COMPLICATION_NAME = Complication;
				CODE_SIGN_STYLE = Automatic;
				CURRENT_PROJECT_VERSION = 1;
				GENERATE_INFOPLIST_FILE = YES;
				INFOPLIST_FILE = "CookBookKononova WatchKit Extension/Info.plist";
				INFOPLIST_KEY_CFBundleDisplayName = "CookBookKononova WatchKit Extension";
				INFOPLIST_KEY_CLKComplicationPrincipalClass = "$(PRODUCT_MODULE_NAME).ComplicationController";
				INFOPLIST_KEY_NSHumanReadableCopyright = "";
				INFOPLIST_KEY_WKExtensionDelegateClassName = "$(PRODUCT_MODULE_NAME).ExtensionDelegate";
				INFOPLIST_KEY_WKWatchOnly = YES;
				LD_RUNPATH_SEARCH_PATHS = (
					"$(inherited)",
					"@executable_path/Frameworks",
					"@executable_path/../../Frameworks",
				);
				MARKETING_VERSION = 1.0;
				PRODUCT_BUNDLE_IDENTIFIER = ru.CookBookKononova.watchkitapp.watchkitextension;
				PRODUCT_NAME = "${TARGET_NAME}";
				SDKROOT = watchos;
				SKIP_INSTALL = YES;
				SWIFT_EMIT_LOC_STRINGS = YES;
				SWIFT_VERSION = 5.0;
				TARGETED_DEVICE_FAMILY = 4;
				WATCHOS_DEPLOYMENT_TARGET = 8.0;
			};
			name = Debug;
		};
		3F9058EA27B39A49004B5FA6 /* Release */ = {
			isa = XCBuildConfiguration;
			buildSettings = {
				ASSETCATALOG_COMPILER_COMPLICATION_NAME = Complication;
				CODE_SIGN_STYLE = Automatic;
				CURRENT_PROJECT_VERSION = 1;
				GENERATE_INFOPLIST_FILE = YES;
				INFOPLIST_FILE = "CookBookKononova WatchKit Extension/Info.plist";
				INFOPLIST_KEY_CFBundleDisplayName = "CookBookKononova WatchKit Extension";
				INFOPLIST_KEY_CLKComplicationPrincipalClass = "$(PRODUCT_MODULE_NAME).ComplicationController";
				INFOPLIST_KEY_NSHumanReadableCopyright = "";
				INFOPLIST_KEY_WKExtensionDelegateClassName = "$(PRODUCT_MODULE_NAME).ExtensionDelegate";
				INFOPLIST_KEY_WKWatchOnly = YES;
				LD_RUNPATH_SEARCH_PATHS = (
					"$(inherited)",
					"@executable_path/Frameworks",
					"@executable_path/../../Frameworks",
				);
				MARKETING_VERSION = 1.0;
				PRODUCT_BUNDLE_IDENTIFIER = ru.CookBookKononova.watchkitapp.watchkitextension;
				PRODUCT_NAME = "${TARGET_NAME}";
				SDKROOT = watchos;
				SKIP_INSTALL = YES;
				SWIFT_EMIT_LOC_STRINGS = YES;
				SWIFT_VERSION = 5.0;
				TARGETED_DEVICE_FAMILY = 4;
				WATCHOS_DEPLOYMENT_TARGET = 8.0;
			};
			name = Release;
		};
		3F9058ED27B39A49004B5FA6 /* Debug */ = {
			isa = XCBuildConfiguration;
			buildSettings = {
				ALWAYS_EMBED_SWIFT_STANDARD_LIBRARIES = YES;
				ASSETCATALOG_COMPILER_APPICON_NAME = AppIcon;
				ASSETCATALOG_COMPILER_GLOBAL_ACCENT_COLOR_NAME = AccentColor;
				CODE_SIGN_STYLE = Automatic;
				CURRENT_PROJECT_VERSION = 1;
				GENERATE_INFOPLIST_FILE = YES;
				IBSC_MODULE = CookBookKononova_WatchKit_Extension;
				INFOPLIST_KEY_CFBundleDisplayName = "CookBookKononova WatchKit App";
				INFOPLIST_KEY_UISupportedInterfaceOrientations = "UIInterfaceOrientationPortrait UIInterfaceOrientationPortraitUpsideDown";
				MARKETING_VERSION = 1.0;
				PRODUCT_BUNDLE_IDENTIFIER = ru.CookBookKononova.watchkitapp;
				PRODUCT_NAME = "$(TARGET_NAME)";
				SDKROOT = watchos;
				SKIP_INSTALL = YES;
				SWIFT_EMIT_LOC_STRINGS = YES;
				SWIFT_VERSION = 5.0;
				TARGETED_DEVICE_FAMILY = 4;
				WATCHOS_DEPLOYMENT_TARGET = 8.0;
			};
			name = Debug;
		};
		3F9058EE27B39A49004B5FA6 /* Release */ = {
			isa = XCBuildConfiguration;
			buildSettings = {
				ALWAYS_EMBED_SWIFT_STANDARD_LIBRARIES = YES;
				ASSETCATALOG_COMPILER_APPICON_NAME = AppIcon;
				ASSETCATALOG_COMPILER_GLOBAL_ACCENT_COLOR_NAME = AccentColor;
				CODE_SIGN_STYLE = Automatic;
				CURRENT_PROJECT_VERSION = 1;
				GENERATE_INFOPLIST_FILE = YES;
				IBSC_MODULE = CookBookKononova_WatchKit_Extension;
				INFOPLIST_KEY_CFBundleDisplayName = "CookBookKononova WatchKit App";
				INFOPLIST_KEY_UISupportedInterfaceOrientations = "UIInterfaceOrientationPortrait UIInterfaceOrientationPortraitUpsideDown";
				MARKETING_VERSION = 1.0;
				PRODUCT_BUNDLE_IDENTIFIER = ru.CookBookKononova.watchkitapp;
				PRODUCT_NAME = "$(TARGET_NAME)";
				SDKROOT = watchos;
				SKIP_INSTALL = YES;
				SWIFT_EMIT_LOC_STRINGS = YES;
				SWIFT_VERSION = 5.0;
				TARGETED_DEVICE_FAMILY = 4;
				WATCHOS_DEPLOYMENT_TARGET = 8.0;
			};
			name = Release;
		};
		3F9058F127B39A49004B5FA6 /* Debug */ = {
			isa = XCBuildConfiguration;
			buildSettings = {
				CODE_SIGN_STYLE = Automatic;
				CURRENT_PROJECT_VERSION = 1;
				MARKETING_VERSION = 1.0;
				PRODUCT_BUNDLE_IDENTIFIER = ru.CookBookKononova;
				PRODUCT_NAME = "$(TARGET_NAME)";
				SWIFT_VERSION = 5.0;
			};
			name = Debug;
		};
		3F9058F227B39A49004B5FA6 /* Release */ = {
			isa = XCBuildConfiguration;
			buildSettings = {
				CODE_SIGN_STYLE = Automatic;
				CURRENT_PROJECT_VERSION = 1;
				MARKETING_VERSION = 1.0;
				PRODUCT_BUNDLE_IDENTIFIER = ru.CookBookKononova;
				PRODUCT_NAME = "$(TARGET_NAME)";
				SWIFT_VERSION = 5.0;
			};
			name = Release;
		};
/* End XCBuildConfiguration section */

/* Begin XCConfigurationList section */
		3F9058C327B39A46004B5FA6 /* Build configuration list for PBXProject "CookBookKononova" */ = {
			isa = XCConfigurationList;
			buildConfigurations = (
				3F9058E627B39A49004B5FA6 /* Debug */,
				3F9058E727B39A49004B5FA6 /* Release */,
			);
			defaultConfigurationIsVisible = 0;
			defaultConfigurationName = Release;
		};
		3F9058E827B39A49004B5FA6 /* Build configuration list for PBXNativeTarget "CookBookKononova WatchKit Extension" */ = {
			isa = XCConfigurationList;
			buildConfigurations = (
				3F9058E927B39A49004B5FA6 /* Debug */,
				3F9058EA27B39A49004B5FA6 /* Release */,
			);
			defaultConfigurationIsVisible = 0;
			defaultConfigurationName = Release;
		};
		3F9058EC27B39A49004B5FA6 /* Build configuration list for PBXNativeTarget "CookBookKononova WatchKit App" */ = {
			isa = XCConfigurationList;
			buildConfigurations = (
				3F9058ED27B39A49004B5FA6 /* Debug */,
				3F9058EE27B39A49004B5FA6 /* Release */,
			);
			defaultConfigurationIsVisible = 0;
			defaultConfigurationName = Release;
		};
		3F9058F027B39A49004B5FA6 /* Build configuration list for PBXNativeTarget "CookBookKononova" */ = {
			isa = XCConfigurationList;
			buildConfigurations = (
				3F9058F127B39A49004B5FA6 /* Debug */,
				3F9058F227B39A49004B5FA6 /* Release */,
			);
			defaultConfigurationIsVisible = 0;
			defaultConfigurationName = Release;
		};
/* End XCConfigurationList section */
	};
	rootObject = 3F9058C027B39A46004B5FA6 /* Project object */;
}
